{
  "name": "webpods",
  "lockfileVersion": 3,
  "requires": true,
  "packages": {
    "": {
      "name": "webpods",
      "workspaces": [
        "packages/cli",
        "packages/ssh",
        "packages/compose",
        "packages/docker",
        "packages/artifacts",
        "packages/commands"
      ],
      "devDependencies": {
        "@tsonic/core": "^10.0.1",
        "@tsonic/dotnet": "^10.0.1",
        "@tsonic/globals": "^10.0.1",
        "@tsonic/tsbindgen": "^0.7.26",
        "tsonic": "^0.0.29",
        "typescript": "^5.9.2"
      },
      "engines": {
        "node": ">=22.0.0"
      }
    },
    "node_modules/@tsonic/backend": {
      "version": "0.0.29",
      "resolved": "https://registry.npmjs.org/@tsonic/backend/-/backend-0.0.29.tgz",
      "integrity": "sha512-pAjc0D0NVsugmvIR9Sn1qtlcSXHE8Ao32meBup2+wKCD5rq9krewRuSBMaxA+3gLNbnnJuP8gTLFYwYMthc9Aw==",
      "dev": true,
      "dependencies": {
        "@tsonic/emitter": "0.0.29",
        "@tsonic/frontend": "0.0.29"
      },
      "engines": {
        "node": ">=18.0.0"
      }
    },
    "node_modules/@tsonic/cli": {
      "version": "0.0.29",
      "resolved": "https://registry.npmjs.org/@tsonic/cli/-/cli-0.0.29.tgz",
      "integrity": "sha512-nYzRT0nNE5Cgb2PRKKWXNwbSHKqvaN0kIyiuwm1fC7LXKNQuX3dPTxCQD8IDYIs7KfPDr3j7WLE+OCOon/LeJg==",
      "dev": true,
      "dependencies": {
        "@tsonic/backend": "0.0.29",
        "@tsonic/emitter": "0.0.29",
        "@tsonic/frontend": "0.0.29",
        "@tsonic/tsbindgen": "0.7.26"
      },
      "bin": {
        "tsonic": "dist/index.js"
      },
      "engines": {
        "node": ">=18.0.0"
      }
    },
    "node_modules/@tsonic/core": {
      "version": "10.0.1",
      "resolved": "https://registry.npmjs.org/@tsonic/core/-/core-10.0.1.tgz",
      "integrity": "sha512-faIqEM3gf1zS9o1Mi2NCrJLa+HijFwKB73WIPa3eJYjqptPJdyFOD+eM4Hzo9wC1S//g3IEUrhCr/yZbwFJCzA==",
      "dev": true,
      "license": "MIT",
      "peerDependencies": {
        "@tsonic/dotnet": "^10.0.1"
      }
    },
    "node_modules/@tsonic/dotnet": {
      "version": "10.0.1",
      "resolved": "https://registry.npmjs.org/@tsonic/dotnet/-/dotnet-10.0.1.tgz",
      "integrity": "sha512-VnmEBsq38Yg/Q0LUwhzeJjBpOgRxKkcSiewCjKx7g3T4/dtgNPTky6mKuY6NjfIVJCXv+1Hk2aJjGJ9mG5GdEA==",
      "dev": true,
      "license": "MIT",
      "peerDependencies": {
        "@tsonic/core": "^10.0.1"
      }
    },
    "node_modules/@tsonic/emitter": {
      "version": "0.0.29",
      "resolved": "https://registry.npmjs.org/@tsonic/emitter/-/emitter-0.0.29.tgz",
      "integrity": "sha512-boj4OCJPQpfPqxyKEP110PSB52hlPJbxB4UTRbTuZpA5PNNaf7Xd4KdrmMXz7G3wm3j4pemJ/+ETpE0KgFfHVw==",
      "dev": true,
      "dependencies": {
        "@tsonic/frontend": "0.0.29"
      },
      "engines": {
        "node": ">=18.0.0"
      }
    },
    "node_modules/@tsonic/frontend": {
      "version": "0.0.29",
      "resolved": "https://registry.npmjs.org/@tsonic/frontend/-/frontend-0.0.29.tgz",
      "integrity": "sha512-NsfI9N23Dj3bPE9IBxazuin9RwtG5TCDp5d8PYGEetv/tBK1uEqkpnc7vHj5QsQAY2GOZ7sIig8N90ib5I4qAw==",
      "dev": true,
      "dependencies": {
        "typescript": "5.9.2"
      },
      "engines": {
        "node": ">=18.0.0"
      }
    },
    "node_modules/@tsonic/frontend/node_modules/typescript": {
      "version": "5.9.2",
      "resolved": "https://registry.npmjs.org/typescript/-/typescript-5.9.2.tgz",
      "integrity": "sha512-CWBzXQrc/qOkhidw1OzBTQuYRbfyxDXJMVJ1XNwUHGROVmuaeiEm3OslpZ1RV96d7SKKjZKrSJu3+t/xlw3R9A==",
      "dev": true,
      "license": "Apache-2.0",
      "bin": {
        "tsc": "bin/tsc",
        "tsserver": "bin/tsserver"
      },
      "engines": {
        "node": ">=14.17"
      }
    },
    "node_modules/@tsonic/globals": {
      "version": "10.0.1",
      "resolved": "https://registry.npmjs.org/@tsonic/globals/-/globals-10.0.1.tgz",
      "integrity": "sha512-NNygR78mSyTtBt0RYQCURC6qpCR6mxvpjpFJOCrkVJ4ywsMj17pMFcjiXA+ZDXT8nFZDyTSKtg0z74NNKYgVSw==",
      "dev": true,
      "license": "MIT",
      "dependencies": {
        "@tsonic/dotnet": "10.0.1"
      }
    },
    "node_modules/@tsonic/tsbindgen": {
      "version": "0.7.26",
      "resolved": "https://registry.npmjs.org/@tsonic/tsbindgen/-/tsbindgen-0.7.26.tgz",
      "integrity": "sha512-3u4iOIjjCHDPt//QzZVqNZ5yC378wDAF6bl6nsFkLQ34hVXgabQot4rNKxyZyoGFC0v3rP5wp+INOLeRX4nH3A==",
      "dev": true,
      "license": "MIT",
      "bin": {
        "tsbindgen": "bin.js"
      }
    },
    "node_modules/@webpods/artifacts": {
      "resolved": "packages/artifacts",
      "link": true
    },
    "node_modules/@webpods/commands": {
      "resolved": "packages/commands",
      "link": true
    },
    "node_modules/@webpods/compose": {
      "resolved": "packages/compose",
      "link": true
    },
    "node_modules/@webpods/docker": {
      "resolved": "packages/docker",
      "link": true
    },
    "node_modules/@webpods/ssh": {
      "resolved": "packages/ssh",
      "link": true
    },
    "node_modules/tsonic": {
      "version": "0.0.29",
      "resolved": "https://registry.npmjs.org/tsonic/-/tsonic-0.0.29.tgz",
      "integrity": "sha512-oh5dYUCOlMoAuOJ6GKZRFvaaX8RaZMAJeez0Bk5ScHDe7UKXCI+2suSnjkepuF9JQqyBUEze7WaQcreX1wmBKA==",
      "dev": true,
      "license": "MIT",
      "dependencies": {
        "@tsonic/cli": "0.0.29"
      },
      "bin": {
        "tsonic": "bin.js"
      }
    },
    "node_modules/typescript": {
      "version": "5.9.3",
      "resolved": "https://registry.npmjs.org/typescript/-/typescript-5.9.3.tgz",
      "integrity": "sha512-jl1vZzPDinLr9eUt3J/t7V6FgNEw9QjvBPdysz9KfQDD41fQrC2Y4vKQdiaUpFT4bXlb1RHhLpp8wtm6M5TgSw==",
      "dev": true,
      "license": "Apache-2.0",
      "bin": {
        "tsc": "bin/tsc",
        "tsserver": "bin/tsserver"
      },
      "engines": {
        "node": ">=14.17"
      }
    },
    "node_modules/webpods-cli": {
      "resolved": "packages/cli",
      "link": true
    },
    "packages/artifacts": {
      "name": "@webpods/artifacts",
      "version": "0.0.0",
      "devDependencies": {
        "@webpods/ssh": "^0.0.0"
      }
    },
    "packages/cli": {
      "name": "webpods-cli",
      "version": "0.0.0",
      "devDependencies": {
        "@webpods/commands": "^0.0.0"
      }
    },
    "packages/commands": {
      "name": "@webpods/commands",
      "version": "0.0.0",
      "dependencies": {
        "@webpods/ssh": "^0.0.0"
      }
    },
    "packages/compose": {
      "name": "@webpods/compose",
      "version": "0.0.0"
    },
    "packages/docker": {
      "name": "@webpods/docker",
      "version": "0.0.0",
      "devDependencies": {
        "@webpods/ssh": "^0.0.0"
      }
    },
    "packages/ssh": {
      "name": "@webpods/ssh",
      "version": "0.0.0"
    }
  }
}
