{
  "name": "webpods",
  "lockfileVersion": 3,
  "requires": true,
  "packages": {
    "": {
      "name": "webpods",
      "workspaces": [
        "packages/cli",
        "packages/ssh",
        "packages/compose",
        "packages/docker",
        "packages/artifacts",
        "packages/commands"
      ],
      "devDependencies": {
        "@tsonic/dotnet": "^0.8.10",
        "@tsonic/globals": "^0.3.11",
        "@tsonic/js": "^0.1.3",
        "tsbindgen": "^0.7.24",
        "tsonic": "^0.0.27",
        "typescript": "^5.9.2"
      },
      "engines": {
        "node": ">=22.0.0"
      }
    },
    "node_modules/@tsonic/backend": {
      "version": "0.0.27",
      "resolved": "https://registry.npmjs.org/@tsonic/backend/-/backend-0.0.27.tgz",
      "integrity": "sha512-Hs8ejgbgFqrnO9bt6adrRE1h6TTTnkxC3Iw8nZ7DvZgLOBnYTvd6/RvOrTZevu7FcTfB5kpet6gkADVz1vfFQg==",
      "dev": true,
      "dependencies": {
        "@tsonic/emitter": "0.0.27",
        "@tsonic/frontend": "0.0.27"
      },
      "engines": {
        "node": ">=18.0.0"
      }
    },
    "node_modules/@tsonic/cli": {
      "version": "0.0.27",
      "resolved": "https://registry.npmjs.org/@tsonic/cli/-/cli-0.0.27.tgz",
      "integrity": "sha512-m5TGpXPUE+93xj8NZ16MzppIq6xxHe0MpLE5WCcYInXp0rw6lzsREKbDuNM6LV+sdCIuMEr1tMfD8Faz3a2nQg==",
      "dev": true,
      "dependencies": {
        "@tsonic/backend": "0.0.27",
        "@tsonic/emitter": "0.0.27",
        "@tsonic/frontend": "0.0.27",
        "@tsonic/tsbindgen": "0.7.24"
      },
      "bin": {
        "tsonic": "dist/index.js"
      },
      "engines": {
        "node": ">=18.0.0"
      }
    },
    "node_modules/@tsonic/cli/node_modules/@tsonic/tsbindgen": {
      "version": "0.7.24",
      "resolved": "https://registry.npmjs.org/@tsonic/tsbindgen/-/tsbindgen-0.7.24.tgz",
      "integrity": "sha512-1E0C/ql9nRFnoJU1f0XQxWuNPOhndg86WEbRVwBvcz6oXxOBZxdakzOmVO6xlR2VPS6iKfZiYJgCoPQuCnZFvQ==",
      "dev": true,
      "license": "MIT",
      "bin": {
        "tsbindgen": "bin.js"
      }
    },
    "node_modules/@tsonic/core": {
      "version": "0.6.3",
      "resolved": "https://registry.npmjs.org/@tsonic/core/-/core-0.6.3.tgz",
      "integrity": "sha512-SoceomNg7hIKas2DHQsDc66bGJQW3t+SJg5pFRBwqfYU/4dr+UlZCeXMPaBsk6+V6XisfOEm/TK/aSRzbDt8Gw==",
      "dev": true,
      "license": "MIT",
      "peer": true
    },
    "node_modules/@tsonic/dotnet": {
      "version": "0.8.10",
      "resolved": "https://registry.npmjs.org/@tsonic/dotnet/-/dotnet-0.8.10.tgz",
      "integrity": "sha512-Djhm2m+rQDBYLukY4mXa3ZAtuHG/OxsFc0I890/M3OpwVsRwe6NmXPG+hSHUln3/fTPR1VOSRkguAmk5qXw5hg==",
      "dev": true,
      "license": "MIT",
      "peerDependencies": {
        "@tsonic/core": "^0.6.0"
      }
    },
    "node_modules/@tsonic/emitter": {
      "version": "0.0.27",
      "resolved": "https://registry.npmjs.org/@tsonic/emitter/-/emitter-0.0.27.tgz",
      "integrity": "sha512-M6VclHg7BxWv2HBfVEL+MPbeD9+bFZWA/d0VhPSgWZV7tff+Dlo4EM/fwsKtJNf4hac0M9q0tF0RA/bk2+Sgyg==",
      "dev": true,
      "dependencies": {
        "@tsonic/frontend": "0.0.27"
      },
      "engines": {
        "node": ">=18.0.0"
      }
    },
    "node_modules/@tsonic/frontend": {
      "version": "0.0.27",
      "resolved": "https://registry.npmjs.org/@tsonic/frontend/-/frontend-0.0.27.tgz",
      "integrity": "sha512-efs+uzoDzN8MrOc7TeH0xKMg3n7WXUvR+Cw0PvePE9DsU4IvNeyVSgtCVHZnHJJ1iwBYPGe4sWnaUOyTpbZzxA==",
      "dev": true,
      "dependencies": {
        "typescript": "5.9.2"
      },
      "engines": {
        "node": ">=18.0.0"
      }
    },
    "node_modules/@tsonic/frontend/node_modules/typescript": {
      "version": "5.9.2",
      "resolved": "https://registry.npmjs.org/typescript/-/typescript-5.9.2.tgz",
      "integrity": "sha512-CWBzXQrc/qOkhidw1OzBTQuYRbfyxDXJMVJ1XNwUHGROVmuaeiEm3OslpZ1RV96d7SKKjZKrSJu3+t/xlw3R9A==",
      "dev": true,
      "license": "Apache-2.0",
      "bin": {
        "tsc": "bin/tsc",
        "tsserver": "bin/tsserver"
      },
      "engines": {
        "node": ">=14.17"
      }
    },
    "node_modules/@tsonic/globals": {
      "version": "0.3.11",
      "resolved": "https://registry.npmjs.org/@tsonic/globals/-/globals-0.3.11.tgz",
      "integrity": "sha512-dVVHokupIzBZvlOqcFLyS4VevjgA5Az/PP3TD9hVvGBaJNH84eDvTYVEZO/yQBNZa1mDIqJMwBL21zDmWL4sSg==",
      "dev": true,
      "license": "MIT",
      "dependencies": {
        "@tsonic/dotnet": "0.8.10"
      }
    },
    "node_modules/@tsonic/js": {
      "version": "0.1.3",
      "resolved": "https://registry.npmjs.org/@tsonic/js/-/js-0.1.3.tgz",
      "integrity": "sha512-ilOwUpLRY1o+xaKb7tLyorR4DqfMhZe4y0QLrFq8BjJNuTrQQ2N60C9QlMnQi4Jv/7v0pu74yoNt3hWq1gEROQ==",
      "dev": true,
      "license": "MIT",
      "peerDependencies": {
        "@tsonic/core": "^0.6.0",
        "@tsonic/dotnet": "^0.8.4"
      }
    },
    "node_modules/@tsonic/tsbindgen": {
      "version": "0.7.25",
      "resolved": "https://registry.npmjs.org/@tsonic/tsbindgen/-/tsbindgen-0.7.25.tgz",
      "integrity": "sha512-tsxvYuX8eI8SChkN6MBQrs2sVQmen8akXjUxDXYVMcSAUsp0JomPU7grdKrX+Y2l4x1HoLaR0JaOZ0ZGqaolLg==",
      "license": "MIT",
      "bin": {
        "tsbindgen": "bin.js"
      }
    },
    "node_modules/@webpods/artifacts": {
      "resolved": "packages/artifacts",
      "link": true
    },
    "node_modules/@webpods/commands": {
      "resolved": "packages/commands",
      "link": true
    },
    "node_modules/@webpods/compose": {
      "resolved": "packages/compose",
      "link": true
    },
    "node_modules/@webpods/docker": {
      "resolved": "packages/docker",
      "link": true
    },
    "node_modules/@webpods/ssh": {
      "resolved": "packages/ssh",
      "link": true
    },
    "node_modules/tsbindgen": {
      "version": "0.7.25",
      "resolved": "https://registry.npmjs.org/tsbindgen/-/tsbindgen-0.7.25.tgz",
      "integrity": "sha512-o/foUiwd7s568Dk0uYI5c5qaZ1e3UawJ/27+pL+2NP5CmKwkTv99AK1DxF2oYDsv8U1XwE1PfjyvtJtiQMeqeQ==",
      "license": "MIT",
      "dependencies": {
        "@tsonic/tsbindgen": "0.7.25"
      },
      "bin": {
        "tsbindgen": "bin.js"
      }
    },
    "node_modules/tsonic": {
      "version": "0.0.27",
      "resolved": "https://registry.npmjs.org/tsonic/-/tsonic-0.0.27.tgz",
      "integrity": "sha512-zRDbChIhwB9hBE89SRiDKXQpcaa+YCeh0caPaVfiPSiZ8pJE0jK0Ga/8l16P8hJPubGa+4OTIZJygv8yPcD+kA==",
      "dev": true,
      "license": "MIT",
      "dependencies": {
        "@tsonic/cli": "0.0.27"
      },
      "bin": {
        "tsonic": "bin.js"
      }
    },
    "node_modules/typescript": {
      "version": "5.9.3",
      "resolved": "https://registry.npmjs.org/typescript/-/typescript-5.9.3.tgz",
      "integrity": "sha512-jl1vZzPDinLr9eUt3J/t7V6FgNEw9QjvBPdysz9KfQDD41fQrC2Y4vKQdiaUpFT4bXlb1RHhLpp8wtm6M5TgSw==",
      "dev": true,
      "license": "Apache-2.0",
      "bin": {
        "tsc": "bin/tsc",
        "tsserver": "bin/tsserver"
      },
      "engines": {
        "node": ">=14.17"
      }
    },
    "node_modules/webpods-cli": {
      "resolved": "packages/cli",
      "link": true
    },
    "packages/artifacts": {
      "name": "@webpods/artifacts",
      "version": "0.0.0",
      "dependencies": {
        "tsbindgen": "^0.7.24"
      },
      "devDependencies": {
        "@webpods/ssh": "^0.0.0"
      }
    },
    "packages/cli": {
      "name": "webpods-cli",
      "version": "0.0.0",
      "devDependencies": {
        "@tsonic/js": "^0.1.3",
        "@webpods/commands": "^0.0.0"
      }
    },
    "packages/commands": {
      "name": "@webpods/commands",
      "version": "0.0.0",
      "dependencies": {
        "@webpods/ssh": "^0.0.0",
        "tsbindgen": "^0.7.24"
      }
    },
    "packages/compose": {
      "name": "@webpods/compose",
      "version": "0.0.0",
      "dependencies": {
        "tsbindgen": "^0.7.24"
      }
    },
    "packages/docker": {
      "name": "@webpods/docker",
      "version": "0.0.0",
      "dependencies": {
        "tsbindgen": "^0.7.24"
      },
      "devDependencies": {
        "@webpods/ssh": "^0.0.0"
      }
    },
    "packages/ssh": {
      "name": "@webpods/ssh",
      "version": "0.0.0",
      "dependencies": {
        "tsbindgen": "^0.7.24"
      }
    }
  }
}
